<Solution>
  <Configurations>
    <Platform Name="Any CPU" />
    <Platform Name="x64" />
    <Platform Name="x86" />
  </Configurations>
  <Folder Name="/infrastructure/" />
  <Folder Name="/infrastructure/terraform/" />
  <Folder Name="/infrastructure/terraform/cloud-azure/" />
  <Folder Name="/infrastructure/terraform/docker/" />
  <Project Path="BraSeller.Connector.MercadoLivre/BraSeller.Connector.MercadoLivre.csproj" />
  <Project Path="BraSeller.Connectors.Abstractions/BraSeller.Connectors.Abstractions.csproj" />
  <Project Path="MudBlazorWebApp1.Client/MudBlazorWebApp1.Client.csproj" />
  <Project Path="MudBlazorWebApp1.Tests/MudBlazorWebApp1.Tests.csproj" />
  <Project Path="MudBlazorWebApp1/MudBlazorWebApp1.csproj" />
</Solution>
